
Microsoft Visual Studio Solution File, Format Version 12.00
# Visual Studio 15
Project("{FAE04EC0-301F-11D3-BF4B-00C04F79EFBC}") = "FirstApp.Android", "FirstApp.Android\FirstApp.Android.csproj", "{E8C16DEB-C4AE-445D-BBF2-B06D66819CAF}"
EndProject
Project("{FAE04EC0-301F-11D3-BF4B-00C04F79EFBC}") = "FirstApp.iOS", "FirstApp.iOS\FirstApp.iOS.csproj", "{56408901-D20F-430F-97D7-106CC8B859DB}"
EndProject
Project("{FAE04EC0-301F-11D3-BF4B-00C04F79EFBC}") = "FirstApp", "FirstApp\FirstApp.csproj", "{2F0B06E0-C839-432B-BBC9-DA32F1DA04FF}"
EndProject
Global
	GlobalSection(SolutionConfigurationPlatforms) = preSolution
		Debug|Any CPU = Debug|Any CPU
		Release|Any CPU = Release|Any CPU
		Debug|iPhoneSimulator = Debug|iPhoneSimulator
		Release|iPhoneSimulator = Release|iPhoneSimulator
		Debug|iPhone = Debug|iPhone
		Release|iPhone = Release|iPhone
	EndGlobalSection
	GlobalSection(ProjectConfigurationPlatforms) = postSolution
		{E8C16DEB-C4AE-445D-BBF2-B06D66819CAF}.Debug|Any CPU.ActiveCfg = Debug|Any CPU
		{E8C16DEB-C4AE-445D-BBF2-B06D66819CAF}.Debug|Any CPU.Build.0 = Debug|Any CPU
		{E8C16DEB-C4AE-445D-BBF2-B06D66819CAF}.Release|Any CPU.ActiveCfg = Release|Any CPU
		{E8C16DEB-C4AE-445D-BBF2-B06D66819CAF}.Release|Any CPU.Build.0 = Release|Any CPU
		{E8C16DEB-C4AE-445D-BBF2-B06D66819CAF}.Debug|iPhoneSimulator.ActiveCfg = Debug|Any CPU
		{E8C16DEB-C4AE-445D-BBF2-B06D66819CAF}.Debug|iPhoneSimulator.Build.0 = Debug|Any CPU
		{E8C16DEB-C4AE-445D-BBF2-B06D66819CAF}.Release|iPhoneSimulator.ActiveCfg = Release|Any CPU
		{E8C16DEB-C4AE-445D-BBF2-B06D66819CAF}.Release|iPhoneSimulator.Build.0 = Release|Any CPU
		{E8C16DEB-C4AE-445D-BBF2-B06D66819CAF}.Debug|iPhone.ActiveCfg = Debug|Any CPU
		{E8C16DEB-C4AE-445D-BBF2-B06D66819CAF}.Debug|iPhone.Build.0 = Debug|Any CPU
		{E8C16DEB-C4AE-445D-BBF2-B06D66819CAF}.Release|iPhone.ActiveCfg = Release|Any CPU
		{E8C16DEB-C4AE-445D-BBF2-B06D66819CAF}.Release|iPhone.Build.0 = Release|Any CPU
		{56408901-D20F-430F-97D7-106CC8B859DB}.Debug|Any CPU.ActiveCfg = Debug|iPhoneSimulator
		{56408901-D20F-430F-97D7-106CC8B859DB}.Debug|Any CPU.Build.0 = Debug|iPhoneSimulator
		{56408901-D20F-430F-97D7-106CC8B859DB}.Release|Any CPU.ActiveCfg = Release|iPhoneSimulator
		{56408901-D20F-430F-97D7-106CC8B859DB}.Release|Any CPU.Build.0 = Release|iPhoneSimulator
		{56408901-D20F-430F-97D7-106CC8B859DB}.Debug|iPhoneSimulator.ActiveCfg = Debug|iPhoneSimulator
		{56408901-D20F-430F-97D7-106CC8B859DB}.Debug|iPhoneSimulator.Build.0 = Debug|iPhoneSimulator
		{56408901-D20F-430F-97D7-106CC8B859DB}.Release|iPhoneSimulator.ActiveCfg = Release|iPhoneSimulator
		{56408901-D20F-430F-97D7-106CC8B859DB}.Release|iPhoneSimulator.Build.0 = Release|iPhoneSimulator
		{56408901-D20F-430F-97D7-106CC8B859DB}.Debug|iPhone.ActiveCfg = Debug|iPhone
		{56408901-D20F-430F-97D7-106CC8B859DB}.Debug|iPhone.Build.0 = Debug|iPhone
		{56408901-D20F-430F-97D7-106CC8B859DB}.Release|iPhone.ActiveCfg = Release|iPhone
		{56408901-D20F-430F-97D7-106CC8B859DB}.Release|iPhone.Build.0 = Release|iPhone
		{2F0B06E0-C839-432B-BBC9-DA32F1DA04FF}.Debug|Any CPU.ActiveCfg = Debug|Any CPU
		{2F0B06E0-C839-432B-BBC9-DA32F1DA04FF}.Debug|Any CPU.Build.0 = Debug|Any CPU
		{2F0B06E0-C839-432B-BBC9-DA32F1DA04FF}.Release|Any CPU.ActiveCfg = Release|Any CPU
		{2F0B06E0-C839-432B-BBC9-DA32F1DA04FF}.Release|Any CPU.Build.0 = Release|Any CPU
		{2F0B06E0-C839-432B-BBC9-DA32F1DA04FF}.Debug|iPhoneSimulator.ActiveCfg = Debug|Any CPU
		{2F0B06E0-C839-432B-BBC9-DA32F1DA04FF}.Debug|iPhoneSimulator.Build.0 = Debug|Any CPU
		{2F0B06E0-C839-432B-BBC9-DA32F1DA04FF}.Release|iPhoneSimulator.ActiveCfg = Release|Any CPU
		{2F0B06E0-C839-432B-BBC9-DA32F1DA04FF}.Release|iPhoneSimulator.Build.0 = Release|Any CPU
		{2F0B06E0-C839-432B-BBC9-DA32F1DA04FF}.Debug|iPhone.ActiveCfg = Debug|Any CPU
		{2F0B06E0-C839-432B-BBC9-DA32F1DA04FF}.Debug|iPhone.Build.0 = Debug|Any CPU
		{2F0B06E0-C839-432B-BBC9-DA32F1DA04FF}.Release|iPhone.ActiveCfg = Release|Any CPU
		{2F0B06E0-C839-432B-BBC9-DA32F1DA04FF}.Release|iPhone.Build.0 = Release|Any CPU
	EndGlobalSection
EndGlobal
